{
  "name": "app",
  "version": "0.0.1",
  "lockfileVersion": 1,
  "requires": true,
  "dependencies": {
    "@ionic-native/base64": {
      "version": "5.22.0",
      "resolved": "https://registry.npm.taobao.org/@ionic-native/base64/download/@ionic-native/base64-5.22.0.tgz",
      "integrity": "sha1-jRUeETJzTjScQPQhW0/xQs8ViVw=",
      "requires": {
        "@types/cordova": "^0.0.34"
      },
      "dependencies": {
        "@types/cordova": {
          "version": "0.0.34",
          "resolved": "https://registry.npm.taobao.org/@types/cordova/download/@types/cordova-0.0.34.tgz",
          "integrity": "sha1-6nrd907Ow9dimCegw54smt3HPQQ="
        }
      }
    },
    "@ionic-native/camera": {
      "version": "5.22.0",
      "resolved": "https://registry.npm.taobao.org/@ionic-native/camera/download/@ionic-native/camera-5.22.0.tgz",
      "integrity": "sha512-EhRYs9yU0Qq6azUSwTbw9C0WkMlfsFL0nFowx8wzhJTohecpz340WtrAMTdpP3c9ACbVjEHpqoC9XdfaPylO9Q==",
      "requires": {
        "@types/cordova": "^0.0.34"
      }
    },
    "@ionic-native/file": {
      "version": "5.22.0",
      "resolved": "https://registry.npm.taobao.org/@ionic-native/file/download/@ionic-native/file-5.22.0.tgz",
      "integrity": "sha512-D9P+SvqQywb2/s06No5IYCkCWWyTqCBUAVT3x2zsHOLiqzldw04VUxReigUbos/b8T/D3QoTc5AzNidBIcWvDg==",
      "requires": {
        "@types/cordova": "^0.0.34"
      },
      "dependencies": {
        "@types/cordova": {
          "version": "0.0.34",
          "resolved": "https://registry.npm.taobao.org/@types/cordova/download/@types/cordova-0.0.34.tgz",
          "integrity": "sha512-rkiiTuf/z2wTd4RxFOb+clE7PF4AEJU0hsczbUdkHHBtkUmpWQpEddynNfJYKYtZFJKbq4F+brfekt1kx85IZA=="
        }
      }
    },
    "@ionic-native/file-chooser": {
      "version": "5.22.0",
      "resolved": "https://registry.npm.taobao.org/@ionic-native/file-chooser/download/@ionic-native/file-chooser-5.22.0.tgz",
      "integrity": "sha512-Z6Go5wKFru1pYl7KzfFw7+LsfdoPHL+jypIK2otRqVMJJdRHazKiMzknQStw+UPZkmwVV1U2p/KMmrPj16dz6Q==",
      "requires": {
        "@types/cordova": "^0.0.34"
      },
      "dependencies": {
        "@types/cordova": {
          "version": "0.0.34",
          "resolved": "https://registry.npm.taobao.org/@types/cordova/download/@types/cordova-0.0.34.tgz",
          "integrity": "sha512-rkiiTuf/z2wTd4RxFOb+clE7PF4AEJU0hsczbUdkHHBtkUmpWQpEddynNfJYKYtZFJKbq4F+brfekt1kx85IZA=="
        }
      }
    },
    "@ionic-native/file-transfer": {
      "version": "5.22.0",
      "resolved": "https://registry.npm.taobao.org/@ionic-native/file-transfer/download/@ionic-native/file-transfer-5.22.0.tgz",
      "integrity": "sha512-1xX/53bhUqX2xVJricd4QkATWsXcVBsA3uDy6AX4FXkWvo6GDI8V9TipEW9FY1LPsbvu8/gemixPLeuH/9IpDQ==",
      "requires": {
        "@types/cordova": "^0.0.34"
      },
      "dependencies": {
        "@types/cordova": {
          "version": "0.0.34",
          "resolved": "https://registry.npm.taobao.org/@types/cordova/download/@types/cordova-0.0.34.tgz",
          "integrity": "sha512-rkiiTuf/z2wTd4RxFOb+clE7PF4AEJU0hsczbUdkHHBtkUmpWQpEddynNfJYKYtZFJKbq4F+brfekt1kx85IZA=="
        }
      }
    },
    "@ionic-native/image-picker": {
      "version": "5.22.0",
      "resolved": "https://registry.npm.taobao.org/@ionic-native/image-picker/download/@ionic-native/image-picker-5.22.0.tgz",
      "integrity": "sha1-GmzpOViEto6QB3h3hpqCvolWF2Q=",
      "requires": {
        "@types/cordova": "^0.0.34"
      },
      "dependencies": {
        "@types/cordova": {
          "version": "0.0.34",
          "resolved": "https://registry.npm.taobao.org/@types/cordova/download/@types/cordova-0.0.34.tgz",
          "integrity": "sha1-6nrd907Ow9dimCegw54smt3HPQQ="
        }
      }
    },
    "@types/cordova": {
      "version": "0.0.34",
      "resolved": "https://registry.npm.taobao.org/@types/cordova/download/@types/cordova-0.0.34.tgz",
      "integrity": "sha512-rkiiTuf/z2wTd4RxFOb+clE7PF4AEJU0hsczbUdkHHBtkUmpWQpEddynNfJYKYtZFJKbq4F+brfekt1kx85IZA=="
    },
    "com-badrit-base64": {
      "version": "0.2.0",
      "resolved": "https://registry.npm.taobao.org/com-badrit-base64/download/com-badrit-base64-0.2.0.tgz",
      "integrity": "sha512-WvnBWlKBVs4nCN0dcJDRYdhH86xS+vWRiUm14QmXvgB54o7m0cMBWeoEPai03D5WxuPnkcJs0lpNl2oijBOCog=="
    },
    "cordova-plugin-android-permissions": {
      "version": "1.0.2",
      "resolved": "https://registry.npm.taobao.org/cordova-plugin-android-permissions/download/cordova-plugin-android-permissions-1.0.2.tgz",
      "integrity": "sha512-Eb7Cf3lk9RydSYqmUzBAEVTT/EU+opV2yvyqkgZZAB/RVfHxsla/1wzHq0PBwAFjHIrxBAGZrOpJFVKc1SxtuA=="
    },
    "cordova-plugin-camera": {
      "version": "4.1.0",
      "resolved": "https://registry.npm.taobao.org/cordova-plugin-camera/download/cordova-plugin-camera-4.1.0.tgz",
      "integrity": "sha512-fCLhWjWYn49q3X5xaypAPgTz6MAWSKFFQvD2Gpi5SuVlrRPRphtX2jIqR2zCBuDTBR082QVnlc+yUDXt65Mjgw=="
    },
    "cordova-plugin-file": {
      "version": "6.0.2",
      "resolved": "https://registry.npm.taobao.org/cordova-plugin-file/download/cordova-plugin-file-6.0.2.tgz",
      "integrity": "sha512-m7cughw327CjONN/qjzsTpSesLaeybksQh420/gRuSXJX5Zt9NfgsSbqqKDon6jnQ9Mm7h7imgyO2uJ34XMBtA=="
    },
    "cordova-plugin-file-transfer": {
      "version": "1.7.1",
      "resolved": "https://registry.npm.taobao.org/cordova-plugin-file-transfer/download/cordova-plugin-file-transfer-1.7.1.tgz",
      "integrity": "sha512-SKYdtSRzfssejNTwRLPZKv4LU3a6uA95KpQFQb1PlJHsCVkNO+Ituu2hbBwr5NUr/dBfcGvtYBQyQ5MqfMylTw=="
    },
    "cordova-plugin-filechooser": {
      "version": "1.2.0",
      "resolved": "https://registry.npm.taobao.org/cordova-plugin-filechooser/download/cordova-plugin-filechooser-1.2.0.tgz",
      "integrity": "sha512-ycL9ML3wlRQ8wfK7vCG8gobv1f3VIdO52m0LA9mPSzLblbu0AXJs89yCRxZB87+08/V96qBxrmkxMsMmVYu5wA=="
    },
    "cordova-plugin-telerik-imagepicker": {
      "version": "2.3.3",
      "resolved": "https://registry.npm.taobao.org/cordova-plugin-telerik-imagepicker/download/cordova-plugin-telerik-imagepicker-2.3.3.tgz",
      "integrity": "sha1-Z8MJ7alA2YC9+kuDPtxXWrR5f9Y="
    }
  }
}
